
Microsoft Visual Studio Solution File, Format Version 12.00
# Visual Studio Version 17
VisualStudioVersion = 17.5.002.0
MinimumVisualStudioVersion = 10.0.40219.1
Project("{9A19103F-16F7-4668-BE54-9A1E7A4F7556}") = "Inverse tonemapper", "Inverse tonemapper.csproj", "{D6773316-4BCD-4698-B170-5BC4E9DD1F08}"
EndProject
Global
	GlobalSection(SolutionConfigurationPlatforms) = preSolution
		Debug|Any CPU = Debug|Any CPU
		Release|Any CPU = Release|Any CPU
	EndGlobalSection
	GlobalSection(ProjectConfigurationPlatforms) = postSolution
		{D6773316-4BCD-4698-B170-5BC4E9DD1F08}.Debug|Any CPU.ActiveCfg = Debug|Any CPU
		{D6773316-4BCD-4698-B170-5BC4E9DD1F08}.Debug|Any CPU.Build.0 = Debug|Any CPU
		{D6773316-4BCD-4698-B170-5BC4E9DD1F08}.Release|Any CPU.ActiveCfg = Release|Any CPU
		{D6773316-4BCD-4698-B170-5BC4E9DD1F08}.Release|Any CPU.Build.0 = Release|Any CPU
	EndGlobalSection
	GlobalSection(SolutionProperties) = preSolution
		HideSolutionNode = FALSE
	EndGlobalSection
	GlobalSection(ExtensibilityGlobals) = postSolution
		SolutionGuid = {D406F171-05B2-4774-A0C1-F1BC2E0FF5E7}
	EndGlobalSection
EndGlobal
